
Microsoft Visual Studio Solution File, Format Version 12.00
# Visual Studio 15
VisualStudioVersion = 15.0.27004.2008
MinimumVisualStudioVersion = 10.0.40219.1
Project("{FAE04EC0-301F-11D3-BF4B-00C04F79EFBC}") = "VladConsoleSecond", "VladConsoleSecond\VladConsoleSecond.csproj", "{BAA23B5F-DAAE-4BC4-A806-125A910B663D}"
EndProject
Global
	GlobalSection(SolutionConfigurationPlatforms) = preSolution
		Debug|Any CPU = Debug|Any CPU
		Release|Any CPU = Release|Any CPU
	EndGlobalSection
	GlobalSection(ProjectConfigurationPlatforms) = postSolution
		{BAA23B5F-DAAE-4BC4-A806-125A910B663D}.Debug|Any CPU.ActiveCfg = Debug|Any CPU
		{BAA23B5F-DAAE-4BC4-A806-125A910B663D}.Debug|Any CPU.Build.0 = Debug|Any CPU
		{BAA23B5F-DAAE-4BC4-A806-125A910B663D}.Release|Any CPU.ActiveCfg = Release|Any CPU
		{BAA23B5F-DAAE-4BC4-A806-125A910B663D}.Release|Any CPU.Build.0 = Release|Any CPU
	EndGlobalSection
	GlobalSection(SolutionProperties) = preSolution
		HideSolutionNode = FALSE
	EndGlobalSection
	GlobalSection(ExtensibilityGlobals) = postSolution
		SolutionGuid = {B8E21C53-F3BE-4F81-8E15-F315B2E91E82}
	EndGlobalSection
EndGlobal
