
Microsoft Visual Studio Solution File, Format Version 12.00
# Visual Studio 15
VisualStudioVersion = 15.0.27004.2008
MinimumVisualStudioVersion = 10.0.40219.1
Project("{FAE04EC0-301F-11D3-BF4B-00C04F79EFBC}") = "VladConsoleSecond", "VladConsoleSecond\VladConsoleSecond.csproj", "{BAA23B5F-DAAE-4BC4-A806-125A910B663D}"
EndProject
Project("{FAE04EC0-301F-11D3-BF4B-00C04F79EFBC}") = "FavouriteColorVlad", "FavouriteColorVlad\FavouriteColorVlad.csproj", "{A07EA012-931C-40A7-9841-31DBC8EAF44E}"
EndProject
Project("{FAE04EC0-301F-11D3-BF4B-00C04F79EFBC}") = "Test1", "Test1\Test1.csproj", "{39A51B31-7769-4452-BC1D-4910C03A5A01}"
EndProject
Project("{FAE04EC0-301F-11D3-BF4B-00C04F79EFBC}") = "Test1Сompletion", "Test1Сompletion\Test1Сompletion.csproj", "{1AAFB644-9A6B-4A9B-AC63-9204065172CF}"
EndProject
Global
	GlobalSection(SolutionConfigurationPlatforms) = preSolution
		Debug|Any CPU = Debug|Any CPU
		Release|Any CPU = Release|Any CPU
	EndGlobalSection
	GlobalSection(ProjectConfigurationPlatforms) = postSolution
		{BAA23B5F-DAAE-4BC4-A806-125A910B663D}.Debug|Any CPU.ActiveCfg = Debug|Any CPU
		{BAA23B5F-DAAE-4BC4-A806-125A910B663D}.Debug|Any CPU.Build.0 = Debug|Any CPU
		{BAA23B5F-DAAE-4BC4-A806-125A910B663D}.Release|Any CPU.ActiveCfg = Release|Any CPU
		{BAA23B5F-DAAE-4BC4-A806-125A910B663D}.Release|Any CPU.Build.0 = Release|Any CPU
		{A07EA012-931C-40A7-9841-31DBC8EAF44E}.Debug|Any CPU.ActiveCfg = Debug|Any CPU
		{A07EA012-931C-40A7-9841-31DBC8EAF44E}.Debug|Any CPU.Build.0 = Debug|Any CPU
		{A07EA012-931C-40A7-9841-31DBC8EAF44E}.Release|Any CPU.ActiveCfg = Release|Any CPU
		{A07EA012-931C-40A7-9841-31DBC8EAF44E}.Release|Any CPU.Build.0 = Release|Any CPU
		{39A51B31-7769-4452-BC1D-4910C03A5A01}.Debug|Any CPU.ActiveCfg = Debug|Any CPU
		{39A51B31-7769-4452-BC1D-4910C03A5A01}.Debug|Any CPU.Build.0 = Debug|Any CPU
		{39A51B31-7769-4452-BC1D-4910C03A5A01}.Release|Any CPU.ActiveCfg = Release|Any CPU
		{39A51B31-7769-4452-BC1D-4910C03A5A01}.Release|Any CPU.Build.0 = Release|Any CPU
		{1AAFB644-9A6B-4A9B-AC63-9204065172CF}.Debug|Any CPU.ActiveCfg = Debug|Any CPU
		{1AAFB644-9A6B-4A9B-AC63-9204065172CF}.Debug|Any CPU.Build.0 = Debug|Any CPU
		{1AAFB644-9A6B-4A9B-AC63-9204065172CF}.Release|Any CPU.ActiveCfg = Release|Any CPU
		{1AAFB644-9A6B-4A9B-AC63-9204065172CF}.Release|Any CPU.Build.0 = Release|Any CPU
	EndGlobalSection
	GlobalSection(SolutionProperties) = preSolution
		HideSolutionNode = FALSE
	EndGlobalSection
	GlobalSection(ExtensibilityGlobals) = postSolution
		SolutionGuid = {B8E21C53-F3BE-4F81-8E15-F315B2E91E82}
	EndGlobalSection
EndGlobal
